// !$*UTF8*$!
{
	archiveVersion = 1;
	classes = {
	};
	objectVersion = 56;
	objects = {

/* Begin PBXBuildFile section */
		56156CCA2B0220B700CE96BC /* AppDelegate.swift in Sources */ = {isa = PBXBuildFile; fileRef = 56156CC92B0220B700CE96BC /* AppDelegate.swift */; };
		56156CCC2B0220B700CE96BC /* DocumentBrowserViewController.swift in Sources */ = {isa = PBXBuildFile; fileRef = 56156CCB2B0220B700CE96BC /* DocumentBrowserViewController.swift */; };
		56156CCE2B0220B700CE96BC /* DocumentViewController.swift in Sources */ = {isa = PBXBuildFile; fileRef = 56156CCD2B0220B700CE96BC /* DocumentViewController.swift */; };
		56156CD02B0220B700CE96BC /* Document.swift in Sources */ = {isa = PBXBuildFile; fileRef = 56156CCF2B0220B700CE96BC /* Document.swift */; };
		56156CD32B0220B700CE96BC /* Main.storyboard in Resources */ = {isa = PBXBuildFile; fileRef = 56156CD12B0220B700CE96BC /* Main.storyboard */; };
		56156CD52B0220B700CE96BC /* Assets.xcassets in Resources */ = {isa = PBXBuildFile; fileRef = 56156CD42B0220B700CE96BC /* Assets.xcassets */; };
		56156CD82B0220B700CE96BC /* LaunchScreen.storyboard in Resources */ = {isa = PBXBuildFile; fileRef = 56156CD62B0220B700CE96BC /* LaunchScreen.storyboard */; };
		56156CFD2B02221400CE96BC /* Info.plist in Resources */ = {isa = PBXBuildFile; fileRef = 56156CFC2B02221400CE96BC /* Info.plist */; };
/* End PBXBuildFile section */

/* Begin PBXFileReference section */
		56156CC72B0220B700CE96BC /* TypstApp.app */ = {isa = PBXFileReference; explicitFileType = wrapper.application; includeInIndex = 0; path = TypstApp.app; sourceTree = BUILT_PRODUCTS_DIR; };
		56156CC92B0220B700CE96BC /* AppDelegate.swift */ = {isa = PBXFileReference; lastKnownFileType = sourcecode.swift; path = AppDelegate.swift; sourceTree = "<group>"; };
		56156CCB2B0220B700CE96BC /* DocumentBrowserViewController.swift */ = {isa = PBXFileReference; lastKnownFileType = sourcecode.swift; path = DocumentBrowserViewController.swift; sourceTree = "<group>"; };
		56156CCD2B0220B700CE96BC /* DocumentViewController.swift */ = {isa = PBXFileReference; lastKnownFileType = sourcecode.swift; path = DocumentViewController.swift; sourceTree = "<group>"; };
		56156CCF2B0220B700CE96BC /* Document.swift */ = {isa = PBXFileReference; lastKnownFileType = sourcecode.swift; path = Document.swift; sourceTree = "<group>"; };
		56156CD22B0220B700CE96BC /* Base */ = {isa = PBXFileReference; lastKnownFileType = file.storyboard; name = Base; path = Base.lproj/Main.storyboard; sourceTree = "<group>"; };
		56156CD42B0220B700CE96BC /* Assets.xcassets */ = {isa = PBXFileReference; lastKnownFileType = folder.assetcatalog; path = Assets.xcassets; sourceTree = "<group>"; };
		56156CD72B0220B700CE96BC /* Base */ = {isa = PBXFileReference; lastKnownFileType = file.storyboard; name = Base; path = Base.lproj/LaunchScreen.storyboard; sourceTree = "<group>"; };
		56156CFB2B0220BC00CE96BC /* TypstApp copy-Info.plist */ = {isa = PBXFileReference; lastKnownFileType = text.plist.xml; name = "TypstApp copy-Info.plist"; path = "/Volumes/WD_SN580/Source/TypstApp/TypstApp copy-Info.plist"; sourceTree = "<absolute>"; };
		56156CFC2B02221400CE96BC /* Info.plist */ = {isa = PBXFileReference; fileEncoding = 4; lastKnownFileType = text.plist.xml; path = Info.plist; sourceTree = "<group>"; };
		563230EC2A75228300B69D3A /* SwiftUI.framework */ = {isa = PBXFileReference; lastKnownFileType = wrapper.framework; name = SwiftUI.framework; path = System/Library/Frameworks/SwiftUI.framework; sourceTree = SDKROOT; };
		56483EF32A73E83800BD8AA8 /* Header.h */ = {isa = PBXFileReference; lastKnownFileType = sourcecode.c.h; path = Header.h; sourceTree = "<group>"; };
		566067FB2A73CD54006A73C5 /* libresolv.tbd */ = {isa = PBXFileReference; lastKnownFileType = "sourcecode.text-based-dylib-definition"; name = libresolv.tbd; path = usr/lib/libresolv.tbd; sourceTree = SDKROOT; };
		56C4031D2A73CBEC00BB8743 /* Assets.xcassets */ = {isa = PBXFileReference; lastKnownFileType = folder.assetcatalog; path = Assets.xcassets; sourceTree = "<group>"; };
		56C5D1552A742FE70008F156 /* TypstApp.entitlements */ = {isa = PBXFileReference; lastKnownFileType = text.plist.entitlements; path = TypstApp.entitlements; sourceTree = "<group>"; };
		56C5D1582A7443030008F156 /* TypstFile.swift */ = {isa = PBXFileReference; lastKnownFileType = sourcecode.swift; path = TypstFile.swift; sourceTree = "<group>"; };
		56E0F1632A74E8FD00AF917C /* TypstLang.swift */ = {isa = PBXFileReference; lastKnownFileType = sourcecode.swift; path = TypstLang.swift; sourceTree = "<group>"; };
		56F5E83A2AFF537C0051C039 /* parser.c */ = {isa = PBXFileReference; lastKnownFileType = sourcecode.c.c; path = parser.c; sourceTree = "<group>"; };
		56F5E83C2AFF53A40051C039 /* scanner.cc */ = {isa = PBXFileReference; lastKnownFileType = sourcecode.cpp.cpp; path = scanner.cc; sourceTree = "<group>"; };
		56F5E83E2AFF5FB90051C039 /* Example.typ */ = {isa = PBXFileReference; lastKnownFileType = text; path = Example.typ; sourceTree = "<group>"; };
		56F5E8402AFF65250051C039 /* libtypst_library.a */ = {isa = PBXFileReference; lastKnownFileType = archive.ar; name = libtypst_library.a; path = typst/target/universal/release/libtypst_library.a; sourceTree = "<group>"; };
		56F5E8422AFF65AF0051C039 /* highlights.scm */ = {isa = PBXFileReference; fileEncoding = 4; lastKnownFileType = text; path = highlights.scm; sourceTree = "<group>"; };
		56F5E8432AFF65AF0051C039 /* injections.scm */ = {isa = PBXFileReference; fileEncoding = 4; lastKnownFileType = text; path = injections.scm; sourceTree = "<group>"; };
		56F5E8462AFF69DF0051C039 /* Colors.xcassets */ = {isa = PBXFileReference; lastKnownFileType = folder.assetcatalog; path = Colors.xcassets; sourceTree = "<group>"; };
		56FE41A52AB1DFC800A09A37 /* TypstRender.swift */ = {isa = PBXFileReference; lastKnownFileType = sourcecode.swift; path = TypstRender.swift; sourceTree = "<group>"; };
/* End PBXFileReference section */

/* Begin PBXFrameworksBuildPhase section */
		56156CC42B0220B700CE96BC /* Frameworks */ = {
			isa = PBXFrameworksBuildPhase;
			buildActionMask = 2147483647;
			files = (
			);
			runOnlyForDeploymentPostprocessing = 0;
		};
/* End PBXFrameworksBuildPhase section */

/* Begin PBXGroup section */
		56156CC82B0220B700CE96BC /* TypstApp */ = {
			isa = PBXGroup;
			children = (
				56FE41A42AB1DCB400A09A37 /* Model */,
				56FE41A22AB1DC7E00A09A37 /* Bridge */,
				56FE41A12AB1DC6200A09A37 /* Assets */,
				56156CC92B0220B700CE96BC /* AppDelegate.swift */,
				56156CCB2B0220B700CE96BC /* DocumentBrowserViewController.swift */,
				56156CCD2B0220B700CE96BC /* DocumentViewController.swift */,
				56156CCF2B0220B700CE96BC /* Document.swift */,
				56156CD12B0220B700CE96BC /* Main.storyboard */,
				56156CD42B0220B700CE96BC /* Assets.xcassets */,
				56156CD62B0220B700CE96BC /* LaunchScreen.storyboard */,
			);
			path = TypstApp;
			sourceTree = "<group>";
		};
		566067F92A73CD0F006A73C5 /* Frameworks */ = {
			isa = PBXGroup;
			children = (
				566067FB2A73CD54006A73C5 /* libresolv.tbd */,
				56F5E8402AFF65250051C039 /* libtypst_library.a */,
				563230EC2A75228300B69D3A /* SwiftUI.framework */,
			);
			name = Frameworks;
			sourceTree = "<group>";
		};
		56C4030D2A73CBEB00BB8743 = {
			isa = PBXGroup;
			children = (
				56156CC82B0220B700CE96BC /* TypstApp */,
				56C403172A73CBEB00BB8743 /* Products */,
				566067F92A73CD0F006A73C5 /* Frameworks */,
				56156CFB2B0220BC00CE96BC /* TypstApp copy-Info.plist */,
			);
			sourceTree = "<group>";
		};
		56C403172A73CBEB00BB8743 /* Products */ = {
			isa = PBXGroup;
			children = (
				56156CC72B0220B700CE96BC /* TypstApp.app */,
			);
			name = Products;
			sourceTree = "<group>";
		};
		56FE41A12AB1DC6200A09A37 /* Assets */ = {
			isa = PBXGroup;
			children = (
				56156CFC2B02221400CE96BC /* Info.plist */,
				56C4031D2A73CBEC00BB8743 /* Assets.xcassets */,
				56F5E8462AFF69DF0051C039 /* Colors.xcassets */,
				56F5E83E2AFF5FB90051C039 /* Example.typ */,
				56F5E8422AFF65AF0051C039 /* highlights.scm */,
				56F5E8432AFF65AF0051C039 /* injections.scm */,
				56C5D1552A742FE70008F156 /* TypstApp.entitlements */,
			);
			path = Assets;
			sourceTree = "<group>";
		};
		56FE41A22AB1DC7E00A09A37 /* Bridge */ = {
			isa = PBXGroup;
			children = (
				56483EF32A73E83800BD8AA8 /* Header.h */,
			);
			path = Bridge;
			sourceTree = "<group>";
		};
		56FE41A42AB1DCB400A09A37 /* Model */ = {
			isa = PBXGroup;
			children = (
				56F5E83A2AFF537C0051C039 /* parser.c */,
				56F5E83C2AFF53A40051C039 /* scanner.cc */,
				56C5D1582A7443030008F156 /* TypstFile.swift */,
				56E0F1632A74E8FD00AF917C /* TypstLang.swift */,
				56FE41A52AB1DFC800A09A37 /* TypstRender.swift */,
			);
			path = Model;
			sourceTree = "<group>";
		};
/* End PBXGroup section */

/* Begin PBXNativeTarget section */
		56156CC62B0220B700CE96BC /* TypstApp */ = {
			isa = PBXNativeTarget;
			buildConfigurationList = 56156CDC2B0220B700CE96BC /* Build configuration list for PBXNativeTarget "TypstApp" */;
			buildPhases = (
				56156CC32B0220B700CE96BC /* Sources */,
				56156CC42B0220B700CE96BC /* Frameworks */,
				56156CC52B0220B700CE96BC /* Resources */,
			);
			buildRules = (
			);
			dependencies = (
			);
			name = TypstApp;
			productName = TypstApp2;
			productReference = 56156CC72B0220B700CE96BC /* TypstApp.app */;
			productType = "com.apple.product-type.application";
		};
/* End PBXNativeTarget section */

/* Begin PBXProject section */
		56C4030E2A73CBEB00BB8743 /* Project object */ = {
			isa = PBXProject;
			attributes = {
				BuildIndependentTargetsInParallel = 1;
				LastSwiftUpdateCheck = 1500;
				LastUpgradeCheck = 1500;
				TargetAttributes = {
					56156CC62B0220B700CE96BC = {
						CreatedOnToolsVersion = 15.0.1;
					};
				};
			};
			buildConfigurationList = 56C403112A73CBEB00BB8743 /* Build configuration list for PBXProject "TypstApp" */;
			compatibilityVersion = "Xcode 14.0";
			developmentRegion = en;
			hasScannedForEncodings = 0;
			knownRegions = (
				en,
				Base,
			);
			mainGroup = 56C4030D2A73CBEB00BB8743;
			packageReferences = (
				56F5E8372AFF51600051C039 /* XCRemoteSwiftPackageReference "Runestone" */,
			);
			productRefGroup = 56C403172A73CBEB00BB8743 /* Products */;
			projectDirPath = "";
			projectRoot = "";
			targets = (
				56156CC62B0220B700CE96BC /* TypstApp */,
			);
		};
/* End PBXProject section */

/* Begin PBXResourcesBuildPhase section */
		56156CC52B0220B700CE96BC /* Resources */ = {
			isa = PBXResourcesBuildPhase;
			buildActionMask = 2147483647;
			files = (
				56156CFD2B02221400CE96BC /* Info.plist in Resources */,
				56156CD82B0220B700CE96BC /* LaunchScreen.storyboard in Resources */,
				56156CD52B0220B700CE96BC /* Assets.xcassets in Resources */,
				56156CD32B0220B700CE96BC /* Main.storyboard in Resources */,
			);
			runOnlyForDeploymentPostprocessing = 0;
		};
/* End PBXResourcesBuildPhase section */

/* Begin PBXSourcesBuildPhase section */
		56156CC32B0220B700CE96BC /* Sources */ = {
			isa = PBXSourcesBuildPhase;
			buildActionMask = 2147483647;
			files = (
				56156CD02B0220B700CE96BC /* Document.swift in Sources */,
				56156CCE2B0220B700CE96BC /* DocumentViewController.swift in Sources */,
				56156CCC2B0220B700CE96BC /* DocumentBrowserViewController.swift in Sources */,
				56156CCA2B0220B700CE96BC /* AppDelegate.swift in Sources */,
			);
			runOnlyForDeploymentPostprocessing = 0;
		};
/* End PBXSourcesBuildPhase section */

/* Begin PBXVariantGroup section */
		56156CD12B0220B700CE96BC /* Main.storyboard */ = {
			isa = PBXVariantGroup;
			children = (
				56156CD22B0220B700CE96BC /* Base */,
			);
			name = Main.storyboard;
			sourceTree = "<group>";
		};
		56156CD62B0220B700CE96BC /* LaunchScreen.storyboard */ = {
			isa = PBXVariantGroup;
			children = (
				56156CD72B0220B700CE96BC /* Base */,
			);
			name = LaunchScreen.storyboard;
			sourceTree = "<group>";
		};
/* End PBXVariantGroup section */

/* Begin XCBuildConfiguration section */
		56156CDA2B0220B700CE96BC /* Debug */ = {
			isa = XCBuildConfiguration;
			buildSettings = {
				ASSETCATALOG_COMPILER_APPICON_NAME = AppIcon;
				ASSETCATALOG_COMPILER_GLOBAL_ACCENT_COLOR_NAME = AccentColor;
				CODE_SIGN_STYLE = Automatic;
				CURRENT_PROJECT_VERSION = 1;
				DEVELOPMENT_TEAM = VUW8FV5HN5;
				GENERATE_INFOPLIST_FILE = YES;
				INFOPLIST_FILE = TypstApp/Info.plist;
				INFOPLIST_KEY_UIApplicationSupportsIndirectInputEvents = YES;
				INFOPLIST_KEY_UILaunchStoryboardName = LaunchScreen;
				INFOPLIST_KEY_UIMainStoryboardFile = Main;
				INFOPLIST_KEY_UISupportedInterfaceOrientations_iPad = "UIInterfaceOrientationPortrait UIInterfaceOrientationPortraitUpsideDown UIInterfaceOrientationLandscapeLeft UIInterfaceOrientationLandscapeRight";
				INFOPLIST_KEY_UISupportedInterfaceOrientations_iPhone = "UIInterfaceOrientationPortrait UIInterfaceOrientationLandscapeLeft UIInterfaceOrientationLandscapeRight";
				INFOPLIST_KEY_UISupportsDocumentBrowser = YES;
				LD_RUNPATH_SEARCH_PATHS = (
					"$(inherited)",
					"@executable_path/Frameworks",
				);
				MARKETING_VERSION = 1.0;
				PRODUCT_BUNDLE_IDENTIFIER = dev.tiankaima.TypstApp2;
				PRODUCT_NAME = "$(TARGET_NAME)";
				SWIFT_EMIT_LOC_STRINGS = YES;
				SWIFT_VERSION = 5.0;
				TARGETED_DEVICE_FAMILY = "1,2";
			};
			name = Debug;
		};
		56156CDB2B0220B700CE96BC /* Release */ = {
			isa = XCBuildConfiguration;
			buildSettings = {
				ASSETCATALOG_COMPILER_APPICON_NAME = AppIcon;
				ASSETCATALOG_COMPILER_GLOBAL_ACCENT_COLOR_NAME = AccentColor;
				CODE_SIGN_STYLE = Automatic;
				CURRENT_PROJECT_VERSION = 1;
				DEVELOPMENT_TEAM = VUW8FV5HN5;
				GENERATE_INFOPLIST_FILE = YES;
				INFOPLIST_FILE = TypstApp/Info.plist;
				INFOPLIST_KEY_UIApplicationSupportsIndirectInputEvents = YES;
				INFOPLIST_KEY_UILaunchStoryboardName = LaunchScreen;
				INFOPLIST_KEY_UIMainStoryboardFile = Main;
				INFOPLIST_KEY_UISupportedInterfaceOrientations_iPad = "UIInterfaceOrientationPortrait UIInterfaceOrientationPortraitUpsideDown UIInterfaceOrientationLandscapeLeft UIInterfaceOrientationLandscapeRight";
				INFOPLIST_KEY_UISupportedInterfaceOrientations_iPhone = "UIInterfaceOrientationPortrait UIInterfaceOrientationLandscapeLeft UIInterfaceOrientationLandscapeRight";
				INFOPLIST_KEY_UISupportsDocumentBrowser = YES;
				LD_RUNPATH_SEARCH_PATHS = (
					"$(inherited)",
					"@executable_path/Frameworks",
				);
				MARKETING_VERSION = 1.0;
				PRODUCT_BUNDLE_IDENTIFIER = dev.tiankaima.TypstApp2;
				PRODUCT_NAME = "$(TARGET_NAME)";
				SWIFT_EMIT_LOC_STRINGS = YES;
				SWIFT_VERSION = 5.0;
				TARGETED_DEVICE_FAMILY = "1,2";
			};
			name = Release;
		};
		56C403222A73CBEC00BB8743 /* Debug */ = {
			isa = XCBuildConfiguration;
			buildSettings = {
				ALWAYS_SEARCH_USER_PATHS = NO;
				ASSETCATALOG_COMPILER_GENERATE_SWIFT_ASSET_SYMBOL_EXTENSIONS = YES;
				CLANG_ANALYZER_NONNULL = YES;
				CLANG_ANALYZER_NUMBER_OBJECT_CONVERSION = YES_AGGRESSIVE;
				CLANG_CXX_LANGUAGE_STANDARD = "gnu++20";
				CLANG_ENABLE_MODULES = YES;
				CLANG_ENABLE_OBJC_ARC = YES;
				CLANG_ENABLE_OBJC_WEAK = YES;
				CLANG_WARN_BLOCK_CAPTURE_AUTORELEASING = YES;
				CLANG_WARN_BOOL_CONVERSION = YES;
				CLANG_WARN_COMMA = YES;
				CLANG_WARN_CONSTANT_CONVERSION = YES;
				CLANG_WARN_DEPRECATED_OBJC_IMPLEMENTATIONS = YES;
				CLANG_WARN_DIRECT_OBJC_ISA_USAGE = YES_ERROR;
				CLANG_WARN_DOCUMENTATION_COMMENTS = YES;
				CLANG_WARN_EMPTY_BODY = YES;
				CLANG_WARN_ENUM_CONVERSION = YES;
				CLANG_WARN_INFINITE_RECURSION = YES;
				CLANG_WARN_INT_CONVERSION = YES;
				CLANG_WARN_NON_LITERAL_NULL_CONVERSION = YES;
				CLANG_WARN_OBJC_IMPLICIT_RETAIN_SELF = YES;
				CLANG_WARN_OBJC_LITERAL_CONVERSION = YES;
				CLANG_WARN_OBJC_ROOT_CLASS = YES_ERROR;
				CLANG_WARN_QUOTED_INCLUDE_IN_FRAMEWORK_HEADER = YES;
				CLANG_WARN_RANGE_LOOP_ANALYSIS = YES;
				CLANG_WARN_STRICT_PROTOTYPES = YES;
				CLANG_WARN_SUSPICIOUS_MOVE = YES;
				CLANG_WARN_UNGUARDED_AVAILABILITY = YES_AGGRESSIVE;
				CLANG_WARN_UNREACHABLE_CODE = YES;
				CLANG_WARN__DUPLICATE_METHOD_MATCH = YES;
				COPY_PHASE_STRIP = NO;
				DEBUG_INFORMATION_FORMAT = dwarf;
				ENABLE_STRICT_OBJC_MSGSEND = YES;
				ENABLE_TESTABILITY = YES;
				ENABLE_USER_SCRIPT_SANDBOXING = YES;
				GCC_C_LANGUAGE_STANDARD = gnu17;
				GCC_DYNAMIC_NO_PIC = NO;
				GCC_NO_COMMON_BLOCKS = YES;
				GCC_OPTIMIZATION_LEVEL = 0;
				GCC_PREPROCESSOR_DEFINITIONS = (
					"DEBUG=1",
					"$(inherited)",
				);
				GCC_WARN_64_TO_32_BIT_CONVERSION = YES;
				GCC_WARN_ABOUT_RETURN_TYPE = YES_ERROR;
				GCC_WARN_UNDECLARED_SELECTOR = YES;
				GCC_WARN_UNINITIALIZED_AUTOS = YES_AGGRESSIVE;
				GCC_WARN_UNUSED_FUNCTION = YES;
				GCC_WARN_UNUSED_VARIABLE = YES;
				IPHONEOS_DEPLOYMENT_TARGET = 17.0;
				LOCALIZATION_PREFERS_STRING_CATALOGS = YES;
				MTL_ENABLE_DEBUG_INFO = INCLUDE_SOURCE;
				MTL_FAST_MATH = YES;
				ONLY_ACTIVE_ARCH = YES;
				SDKROOT = iphoneos;
				SWIFT_ACTIVE_COMPILATION_CONDITIONS = "DEBUG $(inherited)";
				SWIFT_OPTIMIZATION_LEVEL = "-Onone";
			};
			name = Debug;
		};
		56C403232A73CBEC00BB8743 /* Release */ = {
			isa = XCBuildConfiguration;
			buildSettings = {
				ALWAYS_SEARCH_USER_PATHS = NO;
				ASSETCATALOG_COMPILER_GENERATE_SWIFT_ASSET_SYMBOL_EXTENSIONS = YES;
				CLANG_ANALYZER_NONNULL = YES;
				CLANG_ANALYZER_NUMBER_OBJECT_CONVERSION = YES_AGGRESSIVE;
				CLANG_CXX_LANGUAGE_STANDARD = "gnu++20";
				CLANG_ENABLE_MODULES = YES;
				CLANG_ENABLE_OBJC_ARC = YES;
				CLANG_ENABLE_OBJC_WEAK = YES;
				CLANG_WARN_BLOCK_CAPTURE_AUTORELEASING = YES;
				CLANG_WARN_BOOL_CONVERSION = YES;
				CLANG_WARN_COMMA = YES;
				CLANG_WARN_CONSTANT_CONVERSION = YES;
				CLANG_WARN_DEPRECATED_OBJC_IMPLEMENTATIONS = YES;
				CLANG_WARN_DIRECT_OBJC_ISA_USAGE = YES_ERROR;
				CLANG_WARN_DOCUMENTATION_COMMENTS = YES;
				CLANG_WARN_EMPTY_BODY = YES;
				CLANG_WARN_ENUM_CONVERSION = YES;
				CLANG_WARN_INFINITE_RECURSION = YES;
				CLANG_WARN_INT_CONVERSION = YES;
				CLANG_WARN_NON_LITERAL_NULL_CONVERSION = YES;
				CLANG_WARN_OBJC_IMPLICIT_RETAIN_SELF = YES;
				CLANG_WARN_OBJC_LITERAL_CONVERSION = YES;
				CLANG_WARN_OBJC_ROOT_CLASS = YES_ERROR;
				CLANG_WARN_QUOTED_INCLUDE_IN_FRAMEWORK_HEADER = YES;
				CLANG_WARN_RANGE_LOOP_ANALYSIS = YES;
				CLANG_WARN_STRICT_PROTOTYPES = YES;
				CLANG_WARN_SUSPICIOUS_MOVE = YES;
				CLANG_WARN_UNGUARDED_AVAILABILITY = YES_AGGRESSIVE;
				CLANG_WARN_UNREACHABLE_CODE = YES;
				CLANG_WARN__DUPLICATE_METHOD_MATCH = YES;
				COPY_PHASE_STRIP = NO;
				DEBUG_INFORMATION_FORMAT = "dwarf-with-dsym";
				ENABLE_NS_ASSERTIONS = NO;
				ENABLE_STRICT_OBJC_MSGSEND = YES;
				ENABLE_USER_SCRIPT_SANDBOXING = YES;
				GCC_C_LANGUAGE_STANDARD = gnu17;
				GCC_NO_COMMON_BLOCKS = YES;
				GCC_WARN_64_TO_32_BIT_CONVERSION = YES;
				GCC_WARN_ABOUT_RETURN_TYPE = YES_ERROR;
				GCC_WARN_UNDECLARED_SELECTOR = YES;
				GCC_WARN_UNINITIALIZED_AUTOS = YES_AGGRESSIVE;
				GCC_WARN_UNUSED_FUNCTION = YES;
				GCC_WARN_UNUSED_VARIABLE = YES;
				IPHONEOS_DEPLOYMENT_TARGET = 17.0;
				LOCALIZATION_PREFERS_STRING_CATALOGS = YES;
				MTL_ENABLE_DEBUG_INFO = NO;
				MTL_FAST_MATH = YES;
				SDKROOT = iphoneos;
				SWIFT_COMPILATION_MODE = wholemodule;
				VALIDATE_PRODUCT = YES;
			};
			name = Release;
		};
/* End XCBuildConfiguration section */

/* Begin XCConfigurationList section */
		56156CDC2B0220B700CE96BC /* Build configuration list for PBXNativeTarget "TypstApp" */ = {
			isa = XCConfigurationList;
			buildConfigurations = (
				56156CDA2B0220B700CE96BC /* Debug */,
				56156CDB2B0220B700CE96BC /* Release */,
			);
			defaultConfigurationIsVisible = 0;
			defaultConfigurationName = Release;
		};
		56C403112A73CBEB00BB8743 /* Build configuration list for PBXProject "TypstApp" */ = {
			isa = XCConfigurationList;
			buildConfigurations = (
				56C403222A73CBEC00BB8743 /* Debug */,
				56C403232A73CBEC00BB8743 /* Release */,
			);
			defaultConfigurationIsVisible = 0;
			defaultConfigurationName = Release;
		};
/* End XCConfigurationList section */

/* Begin XCRemoteSwiftPackageReference section */
		56F5E8372AFF51600051C039 /* XCRemoteSwiftPackageReference "Runestone" */ = {
			isa = XCRemoteSwiftPackageReference;
			repositoryURL = "https://github.com/simonbs/Runestone";
			requirement = {
				kind = upToNextMajorVersion;
				minimumVersion = 0.3.2;
			};
		};
/* End XCRemoteSwiftPackageReference section */
	};
	rootObject = 56C4030E2A73CBEB00BB8743 /* Project object */;
}
