// !$*UTF8*$!
{
	archiveVersion = 1;
	classes = {
	};
	objectVersion = 56;
	objects = {

/* Begin PBXBuildFile section */
		563230EB2A751C1F00B69D3A /* UUIDExtension.swift in Sources */ = {isa = PBXBuildFile; fileRef = 563230EA2A751C1F00B69D3A /* UUIDExtension.swift */; };
		566067FC2A73CD54006A73C5 /* libresolv.tbd in Frameworks */ = {isa = PBXBuildFile; fileRef = 566067FB2A73CD54006A73C5 /* libresolv.tbd */; };
		56C4031A2A73CBEB00BB8743 /* TypstApp.swift in Sources */ = {isa = PBXBuildFile; fileRef = 56C403192A73CBEB00BB8743 /* TypstApp.swift */; };
		56C4031C2A73CBEB00BB8743 /* ContentView.swift in Sources */ = {isa = PBXBuildFile; fileRef = 56C4031B2A73CBEB00BB8743 /* ContentView.swift */; };
		56C4031E2A73CBEC00BB8743 /* Assets.xcassets in Resources */ = {isa = PBXBuildFile; fileRef = 56C4031D2A73CBEC00BB8743 /* Assets.xcassets */; };
		56C5D1592A7443030008F156 /* TypstFile.swift in Sources */ = {isa = PBXBuildFile; fileRef = 56C5D1582A7443030008F156 /* TypstFile.swift */; };
		56C5D15C2A7445420008F156 /* SwiftExtension.swift in Sources */ = {isa = PBXBuildFile; fileRef = 56C5D15B2A7445420008F156 /* SwiftExtension.swift */; };
		56DF95622A7410AD0020F420 /* libtypst_library.a in Frameworks */ = {isa = PBXBuildFile; fileRef = 56DF95612A7410AD0020F420 /* libtypst_library.a */; };
		56DF95642A74135A0020F420 /* libtypst_library.a in Frameworks */ = {isa = PBXBuildFile; fileRef = 56DF95632A74135A0020F420 /* libtypst_library.a */; };
		56E0F1582A74D6FC00AF917C /* PDFView.swift in Sources */ = {isa = PBXBuildFile; fileRef = 56E0F1572A74D6FC00AF917C /* PDFView.swift */; };
		56E0F15B2A74E63C00AF917C /* Introspect in Frameworks */ = {isa = PBXBuildFile; productRef = 56E0F15A2A74E63C00AF917C /* Introspect */; };
		56E0F15D2A74E63C00AF917C /* SwiftUIIntrospect in Frameworks */ = {isa = PBXBuildFile; productRef = 56E0F15C2A74E63C00AF917C /* SwiftUIIntrospect */; };
		56E0F1602A74E73700AF917C /* CodeEditorView in Frameworks */ = {isa = PBXBuildFile; productRef = 56E0F15F2A74E73700AF917C /* CodeEditorView */; };
		56E0F1622A74E73700AF917C /* LanguageSupport in Frameworks */ = {isa = PBXBuildFile; productRef = 56E0F1612A74E73700AF917C /* LanguageSupport */; };
		56E0F1642A74E8FD00AF917C /* TypstLang.swift in Sources */ = {isa = PBXBuildFile; fileRef = 56E0F1632A74E8FD00AF917C /* TypstLang.swift */; };
/* End PBXBuildFile section */

/* Begin PBXFileReference section */
		563230EA2A751C1F00B69D3A /* UUIDExtension.swift */ = {isa = PBXFileReference; lastKnownFileType = sourcecode.swift; path = UUIDExtension.swift; sourceTree = "<group>"; };
		563230EC2A75228300B69D3A /* SwiftUI.framework */ = {isa = PBXFileReference; lastKnownFileType = wrapper.framework; name = SwiftUI.framework; path = System/Library/Frameworks/SwiftUI.framework; sourceTree = SDKROOT; };
		56483EF32A73E83800BD8AA8 /* Header.h */ = {isa = PBXFileReference; lastKnownFileType = sourcecode.c.h; path = Header.h; sourceTree = "<group>"; };
		566067FB2A73CD54006A73C5 /* libresolv.tbd */ = {isa = PBXFileReference; lastKnownFileType = "sourcecode.text-based-dylib-definition"; name = libresolv.tbd; path = usr/lib/libresolv.tbd; sourceTree = SDKROOT; };
		56C403162A73CBEB00BB8743 /* TypstApp.app */ = {isa = PBXFileReference; explicitFileType = wrapper.application; includeInIndex = 0; path = TypstApp.app; sourceTree = BUILT_PRODUCTS_DIR; };
		56C403192A73CBEB00BB8743 /* TypstApp.swift */ = {isa = PBXFileReference; lastKnownFileType = sourcecode.swift; path = TypstApp.swift; sourceTree = "<group>"; };
		56C4031B2A73CBEB00BB8743 /* ContentView.swift */ = {isa = PBXFileReference; lastKnownFileType = sourcecode.swift; path = ContentView.swift; sourceTree = "<group>"; };
		56C4031D2A73CBEC00BB8743 /* Assets.xcassets */ = {isa = PBXFileReference; lastKnownFileType = folder.assetcatalog; path = Assets.xcassets; sourceTree = "<group>"; };
		56C5D1552A742FE70008F156 /* TypstApp.entitlements */ = {isa = PBXFileReference; lastKnownFileType = text.plist.entitlements; path = TypstApp.entitlements; sourceTree = "<group>"; };
		56C5D1582A7443030008F156 /* TypstFile.swift */ = {isa = PBXFileReference; lastKnownFileType = sourcecode.swift; path = TypstFile.swift; sourceTree = "<group>"; };
		56C5D15A2A7444170008F156 /* Info.plist */ = {isa = PBXFileReference; lastKnownFileType = text.plist; path = Info.plist; sourceTree = "<group>"; };
		56C5D15B2A7445420008F156 /* SwiftExtension.swift */ = {isa = PBXFileReference; lastKnownFileType = sourcecode.swift; path = SwiftExtension.swift; sourceTree = "<group>"; };
		56DF95612A7410AD0020F420 /* libtypst_library.a */ = {isa = PBXFileReference; lastKnownFileType = archive.ar; name = libtypst_library.a; path = typst/target/universal/release/libtypst_library.a; sourceTree = "<group>"; };
		56DF95632A74135A0020F420 /* libtypst_library.a */ = {isa = PBXFileReference; lastKnownFileType = archive.ar; name = libtypst_library.a; path = typst/target/universal/debug/libtypst_library.a; sourceTree = "<group>"; };
		56E0F1572A74D6FC00AF917C /* PDFView.swift */ = {isa = PBXFileReference; lastKnownFileType = sourcecode.swift; path = PDFView.swift; sourceTree = "<group>"; };
		56E0F1632A74E8FD00AF917C /* TypstLang.swift */ = {isa = PBXFileReference; lastKnownFileType = sourcecode.swift; path = TypstLang.swift; sourceTree = "<group>"; };
/* End PBXFileReference section */

/* Begin PBXFrameworksBuildPhase section */
		56C403132A73CBEB00BB8743 /* Frameworks */ = {
			isa = PBXFrameworksBuildPhase;
			buildActionMask = 2147483647;
			files = (
				56E0F1602A74E73700AF917C /* CodeEditorView in Frameworks */,
				56E0F15B2A74E63C00AF917C /* Introspect in Frameworks */,
				56E0F1622A74E73700AF917C /* LanguageSupport in Frameworks */,
				566067FC2A73CD54006A73C5 /* libresolv.tbd in Frameworks */,
				56DF95642A74135A0020F420 /* libtypst_library.a in Frameworks */,
				56DF95622A7410AD0020F420 /* libtypst_library.a in Frameworks */,
				56E0F15D2A74E63C00AF917C /* SwiftUIIntrospect in Frameworks */,
			);
			runOnlyForDeploymentPostprocessing = 0;
		};
/* End PBXFrameworksBuildPhase section */

/* Begin PBXGroup section */
		563230E92A751C1100B69D3A /* Extension */ = {
			isa = PBXGroup;
			children = (
				56C5D15B2A7445420008F156 /* SwiftExtension.swift */,
				563230EA2A751C1F00B69D3A /* UUIDExtension.swift */,
			);
			path = Extension;
			sourceTree = "<group>";
		};
		566067F92A73CD0F006A73C5 /* Frameworks */ = {
			isa = PBXGroup;
			children = (
				566067FB2A73CD54006A73C5 /* libresolv.tbd */,
				56DF95612A7410AD0020F420 /* libtypst_library.a */,
				56DF95632A74135A0020F420 /* libtypst_library.a */,
				563230EC2A75228300B69D3A /* SwiftUI.framework */,
			);
			name = Frameworks;
			sourceTree = "<group>";
		};
		56C4030D2A73CBEB00BB8743 = {
			isa = PBXGroup;
			children = (
				56C403182A73CBEB00BB8743 /* TypstApp */,
				56C403172A73CBEB00BB8743 /* Products */,
				566067F92A73CD0F006A73C5 /* Frameworks */,
			);
			sourceTree = "<group>";
		};
		56C403172A73CBEB00BB8743 /* Products */ = {
			isa = PBXGroup;
			children = (
				56C403162A73CBEB00BB8743 /* TypstApp.app */,
			);
			name = Products;
			sourceTree = "<group>";
		};
		56C403182A73CBEB00BB8743 /* TypstApp */ = {
			isa = PBXGroup;
			children = (
				563230E92A751C1100B69D3A /* Extension */,
				56C4031D2A73CBEC00BB8743 /* Assets.xcassets */,
				56C4031B2A73CBEB00BB8743 /* ContentView.swift */,
				56483EF32A73E83800BD8AA8 /* Header.h */,
				56C5D15A2A7444170008F156 /* Info.plist */,
				56E0F1572A74D6FC00AF917C /* PDFView.swift */,
				56C5D1552A742FE70008F156 /* TypstApp.entitlements */,
				56C403192A73CBEB00BB8743 /* TypstApp.swift */,
				56C5D1582A7443030008F156 /* TypstFile.swift */,
				56E0F1632A74E8FD00AF917C /* TypstLang.swift */,
			);
			path = TypstApp;
			sourceTree = "<group>";
		};
/* End PBXGroup section */

/* Begin PBXNativeTarget section */
		56C403152A73CBEB00BB8743 /* TypstApp */ = {
			isa = PBXNativeTarget;
			buildConfigurationList = 56C403242A73CBEC00BB8743 /* Build configuration list for PBXNativeTarget "TypstApp" */;
			buildPhases = (
				566067FE2A73CDE1006A73C5 /* Run Script */,
				56C403122A73CBEB00BB8743 /* Sources */,
				56C403132A73CBEB00BB8743 /* Frameworks */,
				56C403142A73CBEB00BB8743 /* Resources */,
			);
			buildRules = (
			);
			dependencies = (
			);
			name = TypstApp;
			packageProductDependencies = (
				56E0F15A2A74E63C00AF917C /* Introspect */,
				56E0F15C2A74E63C00AF917C /* SwiftUIIntrospect */,
				56E0F15F2A74E73700AF917C /* CodeEditorView */,
				56E0F1612A74E73700AF917C /* LanguageSupport */,
			);
			productName = TypstApp;
			productReference = 56C403162A73CBEB00BB8743 /* TypstApp.app */;
			productType = "com.apple.product-type.application";
		};
/* End PBXNativeTarget section */

/* Begin PBXProject section */
		56C4030E2A73CBEB00BB8743 /* Project object */ = {
			isa = PBXProject;
			attributes = {
				BuildIndependentTargetsInParallel = 1;
				LastSwiftUpdateCheck = 1500;
				LastUpgradeCheck = 1500;
				TargetAttributes = {
					56C403152A73CBEB00BB8743 = {
						CreatedOnToolsVersion = 15.0;
					};
				};
			};
			buildConfigurationList = 56C403112A73CBEB00BB8743 /* Build configuration list for PBXProject "TypstApp" */;
			compatibilityVersion = "Xcode 14.0";
			developmentRegion = en;
			hasScannedForEncodings = 0;
			knownRegions = (
				en,
				Base,
			);
			mainGroup = 56C4030D2A73CBEB00BB8743;
			packageReferences = (
				56E0F1592A74E63C00AF917C /* XCRemoteSwiftPackageReference "SwiftUI-Introspect" */,
				56E0F15E2A74E73700AF917C /* XCRemoteSwiftPackageReference "CodeEditorView" */,
			);
			productRefGroup = 56C403172A73CBEB00BB8743 /* Products */;
			projectDirPath = "";
			projectRoot = "";
			targets = (
				56C403152A73CBEB00BB8743 /* TypstApp */,
			);
		};
/* End PBXProject section */

/* Begin PBXResourcesBuildPhase section */
		56C403142A73CBEB00BB8743 /* Resources */ = {
			isa = PBXResourcesBuildPhase;
			buildActionMask = 2147483647;
			files = (
				56C4031E2A73CBEC00BB8743 /* Assets.xcassets in Resources */,
			);
			runOnlyForDeploymentPostprocessing = 0;
		};
/* End PBXResourcesBuildPhase section */

/* Begin PBXShellScriptBuildPhase section */
		566067FE2A73CDE1006A73C5 /* Run Script */ = {
			isa = PBXShellScriptBuildPhase;
			buildActionMask = 12;
			files = (
			);
			inputFileListPaths = (
				"$(SRCROOT)/typst/crates",
			);
			inputPaths = (
			);
			name = "Run Script";
			outputFileListPaths = (
				"$(SRCROOT)/typst/target/universal",
			);
			outputPaths = (
			);
			runOnlyForDeploymentPostprocessing = 0;
			shellPath = /bin/sh;
			shellScript = "export PATH=\"$HOME/.cargo/bin:$PATH\"\ncargo lipo --xcode-integ --manifest-path ./typst/Cargo.toml\n";
		};
/* End PBXShellScriptBuildPhase section */

/* Begin PBXSourcesBuildPhase section */
		56C403122A73CBEB00BB8743 /* Sources */ = {
			isa = PBXSourcesBuildPhase;
			buildActionMask = 2147483647;
			files = (
				56C4031C2A73CBEB00BB8743 /* ContentView.swift in Sources */,
				56E0F1582A74D6FC00AF917C /* PDFView.swift in Sources */,
				56C5D15C2A7445420008F156 /* SwiftExtension.swift in Sources */,
				56C4031A2A73CBEB00BB8743 /* TypstApp.swift in Sources */,
				56C5D1592A7443030008F156 /* TypstFile.swift in Sources */,
				56E0F1642A74E8FD00AF917C /* TypstLang.swift in Sources */,
				563230EB2A751C1F00B69D3A /* UUIDExtension.swift in Sources */,
			);
			runOnlyForDeploymentPostprocessing = 0;
		};
/* End PBXSourcesBuildPhase section */

/* Begin XCBuildConfiguration section */
		56C403222A73CBEC00BB8743 /* Debug */ = {
			isa = XCBuildConfiguration;
			buildSettings = {
				ALWAYS_SEARCH_USER_PATHS = NO;
				ASSETCATALOG_COMPILER_GENERATE_SWIFT_ASSET_SYMBOL_EXTENSIONS = YES;
				CLANG_ANALYZER_NONNULL = YES;
				CLANG_ANALYZER_NUMBER_OBJECT_CONVERSION = YES_AGGRESSIVE;
				CLANG_CXX_LANGUAGE_STANDARD = "gnu++20";
				CLANG_ENABLE_MODULES = YES;
				CLANG_ENABLE_OBJC_ARC = YES;
				CLANG_ENABLE_OBJC_WEAK = YES;
				CLANG_WARN_BLOCK_CAPTURE_AUTORELEASING = YES;
				CLANG_WARN_BOOL_CONVERSION = YES;
				CLANG_WARN_COMMA = YES;
				CLANG_WARN_CONSTANT_CONVERSION = YES;
				CLANG_WARN_DEPRECATED_OBJC_IMPLEMENTATIONS = YES;
				CLANG_WARN_DIRECT_OBJC_ISA_USAGE = YES_ERROR;
				CLANG_WARN_DOCUMENTATION_COMMENTS = YES;
				CLANG_WARN_EMPTY_BODY = YES;
				CLANG_WARN_ENUM_CONVERSION = YES;
				CLANG_WARN_INFINITE_RECURSION = YES;
				CLANG_WARN_INT_CONVERSION = YES;
				CLANG_WARN_NON_LITERAL_NULL_CONVERSION = YES;
				CLANG_WARN_OBJC_IMPLICIT_RETAIN_SELF = YES;
				CLANG_WARN_OBJC_LITERAL_CONVERSION = YES;
				CLANG_WARN_OBJC_ROOT_CLASS = YES_ERROR;
				CLANG_WARN_QUOTED_INCLUDE_IN_FRAMEWORK_HEADER = YES;
				CLANG_WARN_RANGE_LOOP_ANALYSIS = YES;
				CLANG_WARN_STRICT_PROTOTYPES = YES;
				CLANG_WARN_SUSPICIOUS_MOVE = YES;
				CLANG_WARN_UNGUARDED_AVAILABILITY = YES_AGGRESSIVE;
				CLANG_WARN_UNREACHABLE_CODE = YES;
				CLANG_WARN__DUPLICATE_METHOD_MATCH = YES;
				COPY_PHASE_STRIP = NO;
				DEBUG_INFORMATION_FORMAT = dwarf;
				ENABLE_STRICT_OBJC_MSGSEND = YES;
				ENABLE_TESTABILITY = YES;
				ENABLE_USER_SCRIPT_SANDBOXING = YES;
				GCC_C_LANGUAGE_STANDARD = gnu17;
				GCC_DYNAMIC_NO_PIC = NO;
				GCC_NO_COMMON_BLOCKS = YES;
				GCC_OPTIMIZATION_LEVEL = 0;
				GCC_PREPROCESSOR_DEFINITIONS = (
					"DEBUG=1",
					"$(inherited)",
				);
				GCC_WARN_64_TO_32_BIT_CONVERSION = YES;
				GCC_WARN_ABOUT_RETURN_TYPE = YES_ERROR;
				GCC_WARN_UNDECLARED_SELECTOR = YES;
				GCC_WARN_UNINITIALIZED_AUTOS = YES_AGGRESSIVE;
				GCC_WARN_UNUSED_FUNCTION = YES;
				GCC_WARN_UNUSED_VARIABLE = YES;
				IPHONEOS_DEPLOYMENT_TARGET = 17.0;
				LOCALIZATION_PREFERS_STRING_CATALOGS = YES;
				MTL_ENABLE_DEBUG_INFO = INCLUDE_SOURCE;
				MTL_FAST_MATH = YES;
				ONLY_ACTIVE_ARCH = YES;
				SDKROOT = iphoneos;
				SWIFT_ACTIVE_COMPILATION_CONDITIONS = "DEBUG $(inherited)";
				SWIFT_OPTIMIZATION_LEVEL = "-Onone";
			};
			name = Debug;
		};
		56C403232A73CBEC00BB8743 /* Release */ = {
			isa = XCBuildConfiguration;
			buildSettings = {
				ALWAYS_SEARCH_USER_PATHS = NO;
				ASSETCATALOG_COMPILER_GENERATE_SWIFT_ASSET_SYMBOL_EXTENSIONS = YES;
				CLANG_ANALYZER_NONNULL = YES;
				CLANG_ANALYZER_NUMBER_OBJECT_CONVERSION = YES_AGGRESSIVE;
				CLANG_CXX_LANGUAGE_STANDARD = "gnu++20";
				CLANG_ENABLE_MODULES = YES;
				CLANG_ENABLE_OBJC_ARC = YES;
				CLANG_ENABLE_OBJC_WEAK = YES;
				CLANG_WARN_BLOCK_CAPTURE_AUTORELEASING = YES;
				CLANG_WARN_BOOL_CONVERSION = YES;
				CLANG_WARN_COMMA = YES;
				CLANG_WARN_CONSTANT_CONVERSION = YES;
				CLANG_WARN_DEPRECATED_OBJC_IMPLEMENTATIONS = YES;
				CLANG_WARN_DIRECT_OBJC_ISA_USAGE = YES_ERROR;
				CLANG_WARN_DOCUMENTATION_COMMENTS = YES;
				CLANG_WARN_EMPTY_BODY = YES;
				CLANG_WARN_ENUM_CONVERSION = YES;
				CLANG_WARN_INFINITE_RECURSION = YES;
				CLANG_WARN_INT_CONVERSION = YES;
				CLANG_WARN_NON_LITERAL_NULL_CONVERSION = YES;
				CLANG_WARN_OBJC_IMPLICIT_RETAIN_SELF = YES;
				CLANG_WARN_OBJC_LITERAL_CONVERSION = YES;
				CLANG_WARN_OBJC_ROOT_CLASS = YES_ERROR;
				CLANG_WARN_QUOTED_INCLUDE_IN_FRAMEWORK_HEADER = YES;
				CLANG_WARN_RANGE_LOOP_ANALYSIS = YES;
				CLANG_WARN_STRICT_PROTOTYPES = YES;
				CLANG_WARN_SUSPICIOUS_MOVE = YES;
				CLANG_WARN_UNGUARDED_AVAILABILITY = YES_AGGRESSIVE;
				CLANG_WARN_UNREACHABLE_CODE = YES;
				CLANG_WARN__DUPLICATE_METHOD_MATCH = YES;
				COPY_PHASE_STRIP = NO;
				DEBUG_INFORMATION_FORMAT = "dwarf-with-dsym";
				ENABLE_NS_ASSERTIONS = NO;
				ENABLE_STRICT_OBJC_MSGSEND = YES;
				ENABLE_USER_SCRIPT_SANDBOXING = YES;
				GCC_C_LANGUAGE_STANDARD = gnu17;
				GCC_NO_COMMON_BLOCKS = YES;
				GCC_WARN_64_TO_32_BIT_CONVERSION = YES;
				GCC_WARN_ABOUT_RETURN_TYPE = YES_ERROR;
				GCC_WARN_UNDECLARED_SELECTOR = YES;
				GCC_WARN_UNINITIALIZED_AUTOS = YES_AGGRESSIVE;
				GCC_WARN_UNUSED_FUNCTION = YES;
				GCC_WARN_UNUSED_VARIABLE = YES;
				IPHONEOS_DEPLOYMENT_TARGET = 17.0;
				LOCALIZATION_PREFERS_STRING_CATALOGS = YES;
				MTL_ENABLE_DEBUG_INFO = NO;
				MTL_FAST_MATH = YES;
				SDKROOT = iphoneos;
				SWIFT_COMPILATION_MODE = wholemodule;
				VALIDATE_PRODUCT = YES;
			};
			name = Release;
		};
		56C403252A73CBEC00BB8743 /* Debug */ = {
			isa = XCBuildConfiguration;
			buildSettings = {
				ASSETCATALOG_COMPILER_APPICON_NAME = AppIcon;
				ASSETCATALOG_COMPILER_GLOBAL_ACCENT_COLOR_NAME = AccentColor;
				CODE_SIGN_ENTITLEMENTS = TypstApp/TypstApp.entitlements;
				CODE_SIGN_IDENTITY = "Apple Development";
				CODE_SIGN_STYLE = Automatic;
				CURRENT_PROJECT_VERSION = 1;
				DEVELOPMENT_ASSET_PATHS = "";
				DEVELOPMENT_TEAM = VUW8FV5HN5;
				ENABLE_PREVIEWS = YES;
				ENABLE_USER_SCRIPT_SANDBOXING = NO;
				GENERATE_INFOPLIST_FILE = YES;
				HEADER_SEARCH_PATHS = "$(PROJECT_DIR)/typst/";
				INFOPLIST_FILE = TypstApp/Info.plist;
				INFOPLIST_KEY_CFBundleDisplayName = TypstApp;
				INFOPLIST_KEY_LSApplicationCategoryType = "public.app-category.productivity";
				INFOPLIST_KEY_UIApplicationSceneManifest_Generation = YES;
				INFOPLIST_KEY_UIApplicationSupportsIndirectInputEvents = YES;
				INFOPLIST_KEY_UILaunchScreen_Generation = YES;
				INFOPLIST_KEY_UISupportedInterfaceOrientations_iPad = "UIInterfaceOrientationPortrait UIInterfaceOrientationPortraitUpsideDown UIInterfaceOrientationLandscapeLeft UIInterfaceOrientationLandscapeRight";
				INFOPLIST_KEY_UISupportedInterfaceOrientations_iPhone = "UIInterfaceOrientationPortrait UIInterfaceOrientationLandscapeLeft UIInterfaceOrientationLandscapeRight";
				IPHONEOS_DEPLOYMENT_TARGET = 16.0;
				LD_RUNPATH_SEARCH_PATHS = (
					"$(inherited)",
					"@executable_path/Frameworks",
				);
				LIBRARY_SEARCH_PATHS = (
					"$(inherited)",
					"$(PROJECT_DIR)/typst/target/universal/$(CONFIGURATION:lower)",
					"$(PROJECT_DIR)/typst/target/universal/release",
					"$(PROJECT_DIR)/typst/target/universal/debug",
				);
				MARKETING_VERSION = 1.0;
				PRODUCT_BUNDLE_IDENTIFIER = dev.tiankaima.TypstApp;
				PRODUCT_NAME = "$(TARGET_NAME)";
				PROVISIONING_PROFILE_SPECIFIER = "";
				SUPPORTED_PLATFORMS = "iphoneos iphonesimulator";
				SUPPORTS_MACCATALYST = NO;
				SUPPORTS_MAC_DESIGNED_FOR_IPHONE_IPAD = YES;
				SWIFT_EMIT_LOC_STRINGS = YES;
				SWIFT_OBJC_BRIDGING_HEADER = "$(PROJECT_DIR)/TypstApp/Header.h";
				SWIFT_VERSION = 5.0;
				TARGETED_DEVICE_FAMILY = 2;
			};
			name = Debug;
		};
		56C403262A73CBEC00BB8743 /* Release */ = {
			isa = XCBuildConfiguration;
			buildSettings = {
				ASSETCATALOG_COMPILER_APPICON_NAME = AppIcon;
				ASSETCATALOG_COMPILER_GLOBAL_ACCENT_COLOR_NAME = AccentColor;
				CODE_SIGN_ENTITLEMENTS = TypstApp/TypstApp.entitlements;
				CODE_SIGN_IDENTITY = "Apple Development";
				CODE_SIGN_STYLE = Automatic;
				CURRENT_PROJECT_VERSION = 1;
				DEVELOPMENT_ASSET_PATHS = "";
				DEVELOPMENT_TEAM = VUW8FV5HN5;
				ENABLE_PREVIEWS = YES;
				ENABLE_USER_SCRIPT_SANDBOXING = NO;
				GENERATE_INFOPLIST_FILE = YES;
				HEADER_SEARCH_PATHS = "$(PROJECT_DIR)/typst/";
				INFOPLIST_FILE = TypstApp/Info.plist;
				INFOPLIST_KEY_CFBundleDisplayName = TypstApp;
				INFOPLIST_KEY_LSApplicationCategoryType = "public.app-category.productivity";
				INFOPLIST_KEY_UIApplicationSceneManifest_Generation = YES;
				INFOPLIST_KEY_UIApplicationSupportsIndirectInputEvents = YES;
				INFOPLIST_KEY_UILaunchScreen_Generation = YES;
				INFOPLIST_KEY_UISupportedInterfaceOrientations_iPad = "UIInterfaceOrientationPortrait UIInterfaceOrientationPortraitUpsideDown UIInterfaceOrientationLandscapeLeft UIInterfaceOrientationLandscapeRight";
				INFOPLIST_KEY_UISupportedInterfaceOrientations_iPhone = "UIInterfaceOrientationPortrait UIInterfaceOrientationLandscapeLeft UIInterfaceOrientationLandscapeRight";
				IPHONEOS_DEPLOYMENT_TARGET = 16.0;
				LD_RUNPATH_SEARCH_PATHS = (
					"$(inherited)",
					"@executable_path/Frameworks",
				);
				LIBRARY_SEARCH_PATHS = (
					"$(inherited)",
					"$(PROJECT_DIR)/typst/target/universal/$(CONFIGURATION:lower)",
					"$(PROJECT_DIR)/typst/target/universal/release",
					"$(PROJECT_DIR)/typst/target/universal/debug",
				);
				MARKETING_VERSION = 1.0;
				PRODUCT_BUNDLE_IDENTIFIER = dev.tiankaima.TypstApp;
				PRODUCT_NAME = "$(TARGET_NAME)";
				PROVISIONING_PROFILE_SPECIFIER = "";
				SUPPORTED_PLATFORMS = "iphoneos iphonesimulator";
				SUPPORTS_MACCATALYST = NO;
				SUPPORTS_MAC_DESIGNED_FOR_IPHONE_IPAD = YES;
				SWIFT_EMIT_LOC_STRINGS = YES;
				SWIFT_OBJC_BRIDGING_HEADER = "$(PROJECT_DIR)/TypstApp/Header.h";
				SWIFT_VERSION = 5.0;
				TARGETED_DEVICE_FAMILY = 2;
			};
			name = Release;
		};
/* End XCBuildConfiguration section */

/* Begin XCConfigurationList section */
		56C403112A73CBEB00BB8743 /* Build configuration list for PBXProject "TypstApp" */ = {
			isa = XCConfigurationList;
			buildConfigurations = (
				56C403222A73CBEC00BB8743 /* Debug */,
				56C403232A73CBEC00BB8743 /* Release */,
			);
			defaultConfigurationIsVisible = 0;
			defaultConfigurationName = Release;
		};
		56C403242A73CBEC00BB8743 /* Build configuration list for PBXNativeTarget "TypstApp" */ = {
			isa = XCConfigurationList;
			buildConfigurations = (
				56C403252A73CBEC00BB8743 /* Debug */,
				56C403262A73CBEC00BB8743 /* Release */,
			);
			defaultConfigurationIsVisible = 0;
			defaultConfigurationName = Release;
		};
/* End XCConfigurationList section */

/* Begin XCRemoteSwiftPackageReference section */
		56E0F1592A74E63C00AF917C /* XCRemoteSwiftPackageReference "SwiftUI-Introspect" */ = {
			isa = XCRemoteSwiftPackageReference;
			repositoryURL = "https://github.com/siteline/SwiftUI-Introspect.git";
			requirement = {
				kind = upToNextMajorVersion;
				minimumVersion = 0.10.0;
			};
		};
		56E0F15E2A74E73700AF917C /* XCRemoteSwiftPackageReference "CodeEditorView" */ = {
			isa = XCRemoteSwiftPackageReference;
			repositoryURL = "https://github.com/tiankaima/CodeEditorView";
			requirement = {
				branch = main;
				kind = branch;
			};
		};
/* End XCRemoteSwiftPackageReference section */

/* Begin XCSwiftPackageProductDependency section */
		56E0F15A2A74E63C00AF917C /* Introspect */ = {
			isa = XCSwiftPackageProductDependency;
			package = 56E0F1592A74E63C00AF917C /* XCRemoteSwiftPackageReference "SwiftUI-Introspect" */;
			productName = Introspect;
		};
		56E0F15C2A74E63C00AF917C /* SwiftUIIntrospect */ = {
			isa = XCSwiftPackageProductDependency;
			package = 56E0F1592A74E63C00AF917C /* XCRemoteSwiftPackageReference "SwiftUI-Introspect" */;
			productName = SwiftUIIntrospect;
		};
		56E0F15F2A74E73700AF917C /* CodeEditorView */ = {
			isa = XCSwiftPackageProductDependency;
			package = 56E0F15E2A74E73700AF917C /* XCRemoteSwiftPackageReference "CodeEditorView" */;
			productName = CodeEditorView;
		};
		56E0F1612A74E73700AF917C /* LanguageSupport */ = {
			isa = XCSwiftPackageProductDependency;
			package = 56E0F15E2A74E73700AF917C /* XCRemoteSwiftPackageReference "CodeEditorView" */;
			productName = LanguageSupport;
		};
/* End XCSwiftPackageProductDependency section */
	};
	rootObject = 56C4030E2A73CBEB00BB8743 /* Project object */;
}
