// !$*UTF8*$!
{
	archiveVersion = 1;
	classes = {
	};
	objectVersion = 56;
	objects = {

/* Begin PBXBuildFile section */
		564859F32B04C63B00FB2879 /* TomorrowTheme.swift in Sources */ = {isa = PBXBuildFile; fileRef = 564859F22B04C63B00FB2879 /* TomorrowTheme.swift */; };
		564859F52B04C88600FB2879 /* EditorView.swift in Sources */ = {isa = PBXBuildFile; fileRef = 564859F42B04C88600FB2879 /* EditorView.swift */; };
		564859F72B04D46A00FB2879 /* ContentView.swift in Sources */ = {isa = PBXBuildFile; fileRef = 564859F62B04D46A00FB2879 /* ContentView.swift */; };
		566067FC2A73CD54006A73C5 /* libresolv.tbd in Frameworks */ = {isa = PBXBuildFile; fileRef = 566067FB2A73CD54006A73C5 /* libresolv.tbd */; };
		56C4031A2A73CBEB00BB8743 /* TypstApp.swift in Sources */ = {isa = PBXBuildFile; fileRef = 56C403192A73CBEB00BB8743 /* TypstApp.swift */; };
		56C4031E2A73CBEC00BB8743 /* Assets.xcassets in Resources */ = {isa = PBXBuildFile; fileRef = 56C4031D2A73CBEC00BB8743 /* Assets.xcassets */; };
		56C5D1592A7443030008F156 /* TypstFile.swift in Sources */ = {isa = PBXBuildFile; fileRef = 56C5D1582A7443030008F156 /* TypstFile.swift */; };
		56E0F1642A74E8FD00AF917C /* TypstLang.swift in Sources */ = {isa = PBXBuildFile; fileRef = 56E0F1632A74E8FD00AF917C /* TypstLang.swift */; };
		56F5E8392AFF51600051C039 /* Runestone in Frameworks */ = {isa = PBXBuildFile; productRef = 56F5E8382AFF51600051C039 /* Runestone */; };
		56F5E83B2AFF537C0051C039 /* parser.c in Sources */ = {isa = PBXBuildFile; fileRef = 56F5E83A2AFF537C0051C039 /* parser.c */; };
		56F5E83D2AFF53A40051C039 /* scanner.cc in Sources */ = {isa = PBXBuildFile; fileRef = 56F5E83C2AFF53A40051C039 /* scanner.cc */; };
		56F5E83F2AFF5FB90051C039 /* Example.typ in Resources */ = {isa = PBXBuildFile; fileRef = 56F5E83E2AFF5FB90051C039 /* Example.typ */; };
		56F5E8412AFF65250051C039 /* libtypst_library.a in Frameworks */ = {isa = PBXBuildFile; fileRef = 56F5E8402AFF65250051C039 /* libtypst_library.a */; };
		56F5E8442AFF65AF0051C039 /* highlights.scm in Resources */ = {isa = PBXBuildFile; fileRef = 56F5E8422AFF65AF0051C039 /* highlights.scm */; };
		56F5E8452AFF65AF0051C039 /* injections.scm in Resources */ = {isa = PBXBuildFile; fileRef = 56F5E8432AFF65AF0051C039 /* injections.scm */; };
		56F5E8472AFF69DF0051C039 /* Colors.xcassets in Resources */ = {isa = PBXBuildFile; fileRef = 56F5E8462AFF69DF0051C039 /* Colors.xcassets */; };
		56FE41A62AB1DFC800A09A37 /* TypstRender.swift in Sources */ = {isa = PBXBuildFile; fileRef = 56FE41A52AB1DFC800A09A37 /* TypstRender.swift */; };
/* End PBXBuildFile section */

/* Begin PBXCopyFilesBuildPhase section */
		56818B8A2AB1EF3100116E43 /* Embed Frameworks */ = {
			isa = PBXCopyFilesBuildPhase;
			buildActionMask = 2147483647;
			dstPath = "";
			dstSubfolderSpec = 10;
			files = (
			);
			name = "Embed Frameworks";
			runOnlyForDeploymentPostprocessing = 0;
		};
/* End PBXCopyFilesBuildPhase section */

/* Begin PBXFileReference section */
		563230EC2A75228300B69D3A /* SwiftUI.framework */ = {isa = PBXFileReference; lastKnownFileType = wrapper.framework; name = SwiftUI.framework; path = System/Library/Frameworks/SwiftUI.framework; sourceTree = SDKROOT; };
		56483EF32A73E83800BD8AA8 /* Header.h */ = {isa = PBXFileReference; lastKnownFileType = sourcecode.c.h; path = Header.h; sourceTree = "<group>"; };
		564859F22B04C63B00FB2879 /* TomorrowTheme.swift */ = {isa = PBXFileReference; lastKnownFileType = sourcecode.swift; path = TomorrowTheme.swift; sourceTree = "<group>"; };
		564859F42B04C88600FB2879 /* EditorView.swift */ = {isa = PBXFileReference; lastKnownFileType = sourcecode.swift; path = EditorView.swift; sourceTree = "<group>"; };
		564859F62B04D46A00FB2879 /* ContentView.swift */ = {isa = PBXFileReference; lastKnownFileType = sourcecode.swift; path = ContentView.swift; sourceTree = "<group>"; };
		566067FB2A73CD54006A73C5 /* libresolv.tbd */ = {isa = PBXFileReference; lastKnownFileType = "sourcecode.text-based-dylib-definition"; name = libresolv.tbd; path = usr/lib/libresolv.tbd; sourceTree = SDKROOT; };
		56C403162A73CBEB00BB8743 /* TypstApp.app */ = {isa = PBXFileReference; explicitFileType = wrapper.application; includeInIndex = 0; path = TypstApp.app; sourceTree = BUILT_PRODUCTS_DIR; };
		56C403192A73CBEB00BB8743 /* TypstApp.swift */ = {isa = PBXFileReference; lastKnownFileType = sourcecode.swift; path = TypstApp.swift; sourceTree = "<group>"; };
		56C4031D2A73CBEC00BB8743 /* Assets.xcassets */ = {isa = PBXFileReference; lastKnownFileType = folder.assetcatalog; path = Assets.xcassets; sourceTree = "<group>"; };
		56C5D1552A742FE70008F156 /* TypstApp.entitlements */ = {isa = PBXFileReference; lastKnownFileType = text.plist.entitlements; path = TypstApp.entitlements; sourceTree = "<group>"; };
		56C5D1582A7443030008F156 /* TypstFile.swift */ = {isa = PBXFileReference; lastKnownFileType = sourcecode.swift; path = TypstFile.swift; sourceTree = "<group>"; };
		56C5D15A2A7444170008F156 /* Info.plist */ = {isa = PBXFileReference; lastKnownFileType = text.plist.xml; path = Info.plist; sourceTree = "<group>"; };
		56E0F1632A74E8FD00AF917C /* TypstLang.swift */ = {isa = PBXFileReference; lastKnownFileType = sourcecode.swift; path = TypstLang.swift; sourceTree = "<group>"; };
		56F5E83A2AFF537C0051C039 /* parser.c */ = {isa = PBXFileReference; lastKnownFileType = sourcecode.c.c; path = parser.c; sourceTree = "<group>"; };
		56F5E83C2AFF53A40051C039 /* scanner.cc */ = {isa = PBXFileReference; lastKnownFileType = sourcecode.cpp.cpp; path = scanner.cc; sourceTree = "<group>"; };
		56F5E83E2AFF5FB90051C039 /* Example.typ */ = {isa = PBXFileReference; lastKnownFileType = text; path = Example.typ; sourceTree = "<group>"; };
		56F5E8402AFF65250051C039 /* libtypst_library.a */ = {isa = PBXFileReference; lastKnownFileType = archive.ar; name = libtypst_library.a; path = typst/target/universal/release/libtypst_library.a; sourceTree = "<group>"; };
		56F5E8422AFF65AF0051C039 /* highlights.scm */ = {isa = PBXFileReference; fileEncoding = 4; lastKnownFileType = text; path = highlights.scm; sourceTree = "<group>"; };
		56F5E8432AFF65AF0051C039 /* injections.scm */ = {isa = PBXFileReference; fileEncoding = 4; lastKnownFileType = text; path = injections.scm; sourceTree = "<group>"; };
		56F5E8462AFF69DF0051C039 /* Colors.xcassets */ = {isa = PBXFileReference; lastKnownFileType = folder.assetcatalog; path = Colors.xcassets; sourceTree = "<group>"; };
		56FE41A52AB1DFC800A09A37 /* TypstRender.swift */ = {isa = PBXFileReference; lastKnownFileType = sourcecode.swift; path = TypstRender.swift; sourceTree = "<group>"; };
/* End PBXFileReference section */

/* Begin PBXFrameworksBuildPhase section */
		56C403132A73CBEB00BB8743 /* Frameworks */ = {
			isa = PBXFrameworksBuildPhase;
			buildActionMask = 2147483647;
			files = (
				566067FC2A73CD54006A73C5 /* libresolv.tbd in Frameworks */,
				56F5E8412AFF65250051C039 /* libtypst_library.a in Frameworks */,
				56F5E8392AFF51600051C039 /* Runestone in Frameworks */,
			);
			runOnlyForDeploymentPostprocessing = 0;
		};
/* End PBXFrameworksBuildPhase section */

/* Begin PBXGroup section */
		564859F02B04C20400FB2879 /* TypstLangAssets */ = {
			isa = PBXGroup;
			children = (
				56F5E83E2AFF5FB90051C039 /* Example.typ */,
				56F5E8422AFF65AF0051C039 /* highlights.scm */,
				56F5E8432AFF65AF0051C039 /* injections.scm */,
				56F5E83A2AFF537C0051C039 /* parser.c */,
				56F5E83C2AFF53A40051C039 /* scanner.cc */,
			);
			path = TypstLangAssets;
			sourceTree = "<group>";
		};
		564859F12B04C61500FB2879 /* Themes */ = {
			isa = PBXGroup;
			children = (
				564859F22B04C63B00FB2879 /* TomorrowTheme.swift */,
			);
			path = Themes;
			sourceTree = "<group>";
		};
		566067F92A73CD0F006A73C5 /* Frameworks */ = {
			isa = PBXGroup;
			children = (
				566067FB2A73CD54006A73C5 /* libresolv.tbd */,
				56F5E8402AFF65250051C039 /* libtypst_library.a */,
				563230EC2A75228300B69D3A /* SwiftUI.framework */,
			);
			name = Frameworks;
			sourceTree = "<group>";
		};
		56C4030D2A73CBEB00BB8743 = {
			isa = PBXGroup;
			children = (
				56C403182A73CBEB00BB8743 /* TypstApp */,
				56C403172A73CBEB00BB8743 /* Products */,
				566067F92A73CD0F006A73C5 /* Frameworks */,
			);
			sourceTree = "<group>";
		};
		56C403172A73CBEB00BB8743 /* Products */ = {
			isa = PBXGroup;
			children = (
				56C403162A73CBEB00BB8743 /* TypstApp.app */,
			);
			name = Products;
			sourceTree = "<group>";
		};
		56C403182A73CBEB00BB8743 /* TypstApp */ = {
			isa = PBXGroup;
			children = (
				56FE41A12AB1DC6200A09A37 /* Assets */,
				56FE41A22AB1DC7E00A09A37 /* Bridge */,
				56FE41A42AB1DCB400A09A37 /* Models */,
				564859F02B04C20400FB2879 /* TypstLangAssets */,
				56FE41A32AB1DC9F00A09A37 /* View */,
				56C403192A73CBEB00BB8743 /* TypstApp.swift */,
			);
			path = TypstApp;
			sourceTree = "<group>";
		};
		56FE41A12AB1DC6200A09A37 /* Assets */ = {
			isa = PBXGroup;
			children = (
				56C4031D2A73CBEC00BB8743 /* Assets.xcassets */,
				56F5E8462AFF69DF0051C039 /* Colors.xcassets */,
				56C5D15A2A7444170008F156 /* Info.plist */,
				56C5D1552A742FE70008F156 /* TypstApp.entitlements */,
			);
			path = Assets;
			sourceTree = "<group>";
		};
		56FE41A22AB1DC7E00A09A37 /* Bridge */ = {
			isa = PBXGroup;
			children = (
				56483EF32A73E83800BD8AA8 /* Header.h */,
			);
			path = Bridge;
			sourceTree = "<group>";
		};
		56FE41A32AB1DC9F00A09A37 /* View */ = {
			isa = PBXGroup;
			children = (
				564859F62B04D46A00FB2879 /* ContentView.swift */,
				564859F42B04C88600FB2879 /* EditorView.swift */,
			);
			path = View;
			sourceTree = "<group>";
		};
		56FE41A42AB1DCB400A09A37 /* Models */ = {
			isa = PBXGroup;
			children = (
				564859F12B04C61500FB2879 /* Themes */,
				56C5D1582A7443030008F156 /* TypstFile.swift */,
				56E0F1632A74E8FD00AF917C /* TypstLang.swift */,
				56FE41A52AB1DFC800A09A37 /* TypstRender.swift */,
			);
			path = Models;
			sourceTree = "<group>";
		};
/* End PBXGroup section */

/* Begin PBXNativeTarget section */
		56C403152A73CBEB00BB8743 /* TypstApp */ = {
			isa = PBXNativeTarget;
			buildConfigurationList = 56C403242A73CBEC00BB8743 /* Build configuration list for PBXNativeTarget "TypstApp" */;
			buildPhases = (
				56C403122A73CBEB00BB8743 /* Sources */,
				56C403132A73CBEB00BB8743 /* Frameworks */,
				56C403142A73CBEB00BB8743 /* Resources */,
				56818B8A2AB1EF3100116E43 /* Embed Frameworks */,
			);
			buildRules = (
			);
			dependencies = (
			);
			name = TypstApp;
			packageProductDependencies = (
				56F5E8382AFF51600051C039 /* Runestone */,
			);
			productName = TypstApp;
			productReference = 56C403162A73CBEB00BB8743 /* TypstApp.app */;
			productType = "com.apple.product-type.application";
		};
/* End PBXNativeTarget section */

/* Begin PBXProject section */
		56C4030E2A73CBEB00BB8743 /* Project object */ = {
			isa = PBXProject;
			attributes = {
				BuildIndependentTargetsInParallel = 1;
				LastSwiftUpdateCheck = 1500;
				LastUpgradeCheck = 1500;
				TargetAttributes = {
					56C403152A73CBEB00BB8743 = {
						CreatedOnToolsVersion = 15.0;
					};
				};
			};
			buildConfigurationList = 56C403112A73CBEB00BB8743 /* Build configuration list for PBXProject "TypstApp" */;
			compatibilityVersion = "Xcode 14.0";
			developmentRegion = en;
			hasScannedForEncodings = 0;
			knownRegions = (
				en,
				Base,
			);
			mainGroup = 56C4030D2A73CBEB00BB8743;
			packageReferences = (
				56F5E8372AFF51600051C039 /* XCRemoteSwiftPackageReference "Runestone" */,
			);
			productRefGroup = 56C403172A73CBEB00BB8743 /* Products */;
			projectDirPath = "";
			projectRoot = "";
			targets = (
				56C403152A73CBEB00BB8743 /* TypstApp */,
			);
		};
/* End PBXProject section */

/* Begin PBXResourcesBuildPhase section */
		56C403142A73CBEB00BB8743 /* Resources */ = {
			isa = PBXResourcesBuildPhase;
			buildActionMask = 2147483647;
			files = (
				56C4031E2A73CBEC00BB8743 /* Assets.xcassets in Resources */,
				56F5E8472AFF69DF0051C039 /* Colors.xcassets in Resources */,
				56F5E83F2AFF5FB90051C039 /* Example.typ in Resources */,
				56F5E8442AFF65AF0051C039 /* highlights.scm in Resources */,
				56F5E8452AFF65AF0051C039 /* injections.scm in Resources */,
			);
			runOnlyForDeploymentPostprocessing = 0;
		};
/* End PBXResourcesBuildPhase section */

/* Begin PBXSourcesBuildPhase section */
		56C403122A73CBEB00BB8743 /* Sources */ = {
			isa = PBXSourcesBuildPhase;
			buildActionMask = 2147483647;
			files = (
				564859F72B04D46A00FB2879 /* ContentView.swift in Sources */,
				564859F52B04C88600FB2879 /* EditorView.swift in Sources */,
				56F5E83B2AFF537C0051C039 /* parser.c in Sources */,
				56F5E83D2AFF53A40051C039 /* scanner.cc in Sources */,
				564859F32B04C63B00FB2879 /* TomorrowTheme.swift in Sources */,
				56C4031A2A73CBEB00BB8743 /* TypstApp.swift in Sources */,
				56C5D1592A7443030008F156 /* TypstFile.swift in Sources */,
				56E0F1642A74E8FD00AF917C /* TypstLang.swift in Sources */,
				56FE41A62AB1DFC800A09A37 /* TypstRender.swift in Sources */,
			);
			runOnlyForDeploymentPostprocessing = 0;
		};
/* End PBXSourcesBuildPhase section */

/* Begin XCBuildConfiguration section */
		56C403222A73CBEC00BB8743 /* Debug */ = {
			isa = XCBuildConfiguration;
			buildSettings = {
				ALWAYS_SEARCH_USER_PATHS = NO;
				ASSETCATALOG_COMPILER_GENERATE_SWIFT_ASSET_SYMBOL_EXTENSIONS = YES;
				CLANG_ANALYZER_NONNULL = YES;
				CLANG_ANALYZER_NUMBER_OBJECT_CONVERSION = YES_AGGRESSIVE;
				CLANG_CXX_LANGUAGE_STANDARD = "gnu++20";
				CLANG_ENABLE_MODULES = YES;
				CLANG_ENABLE_OBJC_ARC = YES;
				CLANG_ENABLE_OBJC_WEAK = YES;
				CLANG_WARN_BLOCK_CAPTURE_AUTORELEASING = YES;
				CLANG_WARN_BOOL_CONVERSION = YES;
				CLANG_WARN_COMMA = YES;
				CLANG_WARN_CONSTANT_CONVERSION = YES;
				CLANG_WARN_DEPRECATED_OBJC_IMPLEMENTATIONS = YES;
				CLANG_WARN_DIRECT_OBJC_ISA_USAGE = YES_ERROR;
				CLANG_WARN_DOCUMENTATION_COMMENTS = YES;
				CLANG_WARN_EMPTY_BODY = YES;
				CLANG_WARN_ENUM_CONVERSION = YES;
				CLANG_WARN_INFINITE_RECURSION = YES;
				CLANG_WARN_INT_CONVERSION = YES;
				CLANG_WARN_NON_LITERAL_NULL_CONVERSION = YES;
				CLANG_WARN_OBJC_IMPLICIT_RETAIN_SELF = YES;
				CLANG_WARN_OBJC_LITERAL_CONVERSION = YES;
				CLANG_WARN_OBJC_ROOT_CLASS = YES_ERROR;
				CLANG_WARN_QUOTED_INCLUDE_IN_FRAMEWORK_HEADER = YES;
				CLANG_WARN_RANGE_LOOP_ANALYSIS = YES;
				CLANG_WARN_STRICT_PROTOTYPES = YES;
				CLANG_WARN_SUSPICIOUS_MOVE = YES;
				CLANG_WARN_UNGUARDED_AVAILABILITY = YES_AGGRESSIVE;
				CLANG_WARN_UNREACHABLE_CODE = YES;
				CLANG_WARN__DUPLICATE_METHOD_MATCH = YES;
				COPY_PHASE_STRIP = NO;
				DEBUG_INFORMATION_FORMAT = dwarf;
				ENABLE_STRICT_OBJC_MSGSEND = YES;
				ENABLE_TESTABILITY = YES;
				ENABLE_USER_SCRIPT_SANDBOXING = YES;
				GCC_C_LANGUAGE_STANDARD = gnu17;
				GCC_DYNAMIC_NO_PIC = NO;
				GCC_NO_COMMON_BLOCKS = YES;
				GCC_OPTIMIZATION_LEVEL = 0;
				GCC_PREPROCESSOR_DEFINITIONS = (
					"DEBUG=1",
					"$(inherited)",
				);
				GCC_WARN_64_TO_32_BIT_CONVERSION = YES;
				GCC_WARN_ABOUT_RETURN_TYPE = YES_ERROR;
				GCC_WARN_UNDECLARED_SELECTOR = YES;
				GCC_WARN_UNINITIALIZED_AUTOS = YES_AGGRESSIVE;
				GCC_WARN_UNUSED_FUNCTION = YES;
				GCC_WARN_UNUSED_VARIABLE = YES;
				IPHONEOS_DEPLOYMENT_TARGET = 17.0;
				LOCALIZATION_PREFERS_STRING_CATALOGS = YES;
				MTL_ENABLE_DEBUG_INFO = INCLUDE_SOURCE;
				MTL_FAST_MATH = YES;
				ONLY_ACTIVE_ARCH = YES;
				SDKROOT = iphoneos;
				SWIFT_ACTIVE_COMPILATION_CONDITIONS = "DEBUG $(inherited)";
				SWIFT_OPTIMIZATION_LEVEL = "-Onone";
			};
			name = Debug;
		};
		56C403232A73CBEC00BB8743 /* Release */ = {
			isa = XCBuildConfiguration;
			buildSettings = {
				ALWAYS_SEARCH_USER_PATHS = NO;
				ASSETCATALOG_COMPILER_GENERATE_SWIFT_ASSET_SYMBOL_EXTENSIONS = YES;
				CLANG_ANALYZER_NONNULL = YES;
				CLANG_ANALYZER_NUMBER_OBJECT_CONVERSION = YES_AGGRESSIVE;
				CLANG_CXX_LANGUAGE_STANDARD = "gnu++20";
				CLANG_ENABLE_MODULES = YES;
				CLANG_ENABLE_OBJC_ARC = YES;
				CLANG_ENABLE_OBJC_WEAK = YES;
				CLANG_WARN_BLOCK_CAPTURE_AUTORELEASING = YES;
				CLANG_WARN_BOOL_CONVERSION = YES;
				CLANG_WARN_COMMA = YES;
				CLANG_WARN_CONSTANT_CONVERSION = YES;
				CLANG_WARN_DEPRECATED_OBJC_IMPLEMENTATIONS = YES;
				CLANG_WARN_DIRECT_OBJC_ISA_USAGE = YES_ERROR;
				CLANG_WARN_DOCUMENTATION_COMMENTS = YES;
				CLANG_WARN_EMPTY_BODY = YES;
				CLANG_WARN_ENUM_CONVERSION = YES;
				CLANG_WARN_INFINITE_RECURSION = YES;
				CLANG_WARN_INT_CONVERSION = YES;
				CLANG_WARN_NON_LITERAL_NULL_CONVERSION = YES;
				CLANG_WARN_OBJC_IMPLICIT_RETAIN_SELF = YES;
				CLANG_WARN_OBJC_LITERAL_CONVERSION = YES;
				CLANG_WARN_OBJC_ROOT_CLASS = YES_ERROR;
				CLANG_WARN_QUOTED_INCLUDE_IN_FRAMEWORK_HEADER = YES;
				CLANG_WARN_RANGE_LOOP_ANALYSIS = YES;
				CLANG_WARN_STRICT_PROTOTYPES = YES;
				CLANG_WARN_SUSPICIOUS_MOVE = YES;
				CLANG_WARN_UNGUARDED_AVAILABILITY = YES_AGGRESSIVE;
				CLANG_WARN_UNREACHABLE_CODE = YES;
				CLANG_WARN__DUPLICATE_METHOD_MATCH = YES;
				COPY_PHASE_STRIP = NO;
				DEBUG_INFORMATION_FORMAT = "dwarf-with-dsym";
				ENABLE_NS_ASSERTIONS = NO;
				ENABLE_STRICT_OBJC_MSGSEND = YES;
				ENABLE_USER_SCRIPT_SANDBOXING = YES;
				GCC_C_LANGUAGE_STANDARD = gnu17;
				GCC_NO_COMMON_BLOCKS = YES;
				GCC_WARN_64_TO_32_BIT_CONVERSION = YES;
				GCC_WARN_ABOUT_RETURN_TYPE = YES_ERROR;
				GCC_WARN_UNDECLARED_SELECTOR = YES;
				GCC_WARN_UNINITIALIZED_AUTOS = YES_AGGRESSIVE;
				GCC_WARN_UNUSED_FUNCTION = YES;
				GCC_WARN_UNUSED_VARIABLE = YES;
				IPHONEOS_DEPLOYMENT_TARGET = 17.0;
				LOCALIZATION_PREFERS_STRING_CATALOGS = YES;
				MTL_ENABLE_DEBUG_INFO = NO;
				MTL_FAST_MATH = YES;
				SDKROOT = iphoneos;
				SWIFT_COMPILATION_MODE = wholemodule;
				VALIDATE_PRODUCT = YES;
			};
			name = Release;
		};
		56C403252A73CBEC00BB8743 /* Debug */ = {
			isa = XCBuildConfiguration;
			buildSettings = {
				ASSETCATALOG_COMPILER_APPICON_NAME = AppIcon;
				ASSETCATALOG_COMPILER_GLOBAL_ACCENT_COLOR_NAME = AccentColor;
				CODE_SIGN_ENTITLEMENTS = TypstApp/Assets/TypstApp.entitlements;
				CODE_SIGN_IDENTITY = "Apple Development";
				"CODE_SIGN_IDENTITY[sdk=iphoneos*]" = "iPhone Developer";
				CODE_SIGN_STYLE = Manual;
				CURRENT_PROJECT_VERSION = 1;
				DEVELOPMENT_ASSET_PATHS = "";
				DEVELOPMENT_TEAM = "";
				"DEVELOPMENT_TEAM[sdk=iphoneos*]" = VUW8FV5HN5;
				ENABLE_PREVIEWS = YES;
				ENABLE_USER_SCRIPT_SANDBOXING = NO;
				GENERATE_INFOPLIST_FILE = YES;
				HEADER_SEARCH_PATHS = "$(PROJECT_DIR)/typst/";
				INFOPLIST_FILE = TypstApp/Assets/Info.plist;
				INFOPLIST_KEY_CFBundleDisplayName = TypstApp;
				INFOPLIST_KEY_LSApplicationCategoryType = "public.app-category.productivity";
				INFOPLIST_KEY_UIApplicationSceneManifest_Generation = YES;
				INFOPLIST_KEY_UIApplicationSupportsIndirectInputEvents = YES;
				INFOPLIST_KEY_UILaunchScreen_Generation = YES;
				INFOPLIST_KEY_UISupportedInterfaceOrientations_iPad = "UIInterfaceOrientationPortrait UIInterfaceOrientationPortraitUpsideDown UIInterfaceOrientationLandscapeLeft UIInterfaceOrientationLandscapeRight";
				INFOPLIST_KEY_UISupportedInterfaceOrientations_iPhone = "UIInterfaceOrientationPortrait UIInterfaceOrientationLandscapeLeft UIInterfaceOrientationLandscapeRight";
				IPHONEOS_DEPLOYMENT_TARGET = 16.0;
				LD_RUNPATH_SEARCH_PATHS = (
					"$(inherited)",
					"@executable_path/Frameworks",
				);
				LIBRARY_SEARCH_PATHS = (
					"$(inherited)",
					"$(PROJECT_DIR)/typst/target/universal/$(CONFIGURATION:lower)",
					"$(PROJECT_DIR)/typst/target/universal/debug",
					"$(PROJECT_DIR)/typst/target/universal/release",
				);
				MARKETING_VERSION = 0.1.1;
				PRODUCT_BUNDLE_IDENTIFIER = dev.tiankaima.TypstApp;
				PRODUCT_NAME = "$(TARGET_NAME)";
				PROVISIONING_PROFILE_SPECIFIER = "";
				"PROVISIONING_PROFILE_SPECIFIER[sdk=iphoneos*]" = "match Development dev.tiankaima.TypstApp";
				SUPPORTED_PLATFORMS = "iphoneos iphonesimulator";
				SUPPORTS_MACCATALYST = NO;
				SUPPORTS_MAC_DESIGNED_FOR_IPHONE_IPAD = NO;
				SWIFT_EMIT_LOC_STRINGS = YES;
				SWIFT_OBJC_BRIDGING_HEADER = "$(PROJECT_DIR)/TypstApp/Bridge/Header.h";
				SWIFT_VERSION = 5.0;
				TARGETED_DEVICE_FAMILY = 2;
			};
			name = Debug;
		};
		56C403262A73CBEC00BB8743 /* Release */ = {
			isa = XCBuildConfiguration;
			buildSettings = {
				ASSETCATALOG_COMPILER_APPICON_NAME = AppIcon;
				ASSETCATALOG_COMPILER_GLOBAL_ACCENT_COLOR_NAME = AccentColor;
				CODE_SIGN_ENTITLEMENTS = TypstApp/Assets/TypstApp.entitlements;
				CODE_SIGN_IDENTITY = "Apple Development";
				"CODE_SIGN_IDENTITY[sdk=iphoneos*]" = "iPhone Developer";
				CODE_SIGN_STYLE = Manual;
				CURRENT_PROJECT_VERSION = 1;
				DEVELOPMENT_ASSET_PATHS = "";
				DEVELOPMENT_TEAM = "";
				"DEVELOPMENT_TEAM[sdk=iphoneos*]" = VUW8FV5HN5;
				ENABLE_PREVIEWS = YES;
				ENABLE_USER_SCRIPT_SANDBOXING = NO;
				GENERATE_INFOPLIST_FILE = YES;
				HEADER_SEARCH_PATHS = "$(PROJECT_DIR)/typst/";
				INFOPLIST_FILE = TypstApp/Assets/Info.plist;
				INFOPLIST_KEY_CFBundleDisplayName = TypstApp;
				INFOPLIST_KEY_LSApplicationCategoryType = "public.app-category.productivity";
				INFOPLIST_KEY_UIApplicationSceneManifest_Generation = YES;
				INFOPLIST_KEY_UIApplicationSupportsIndirectInputEvents = YES;
				INFOPLIST_KEY_UILaunchScreen_Generation = YES;
				INFOPLIST_KEY_UISupportedInterfaceOrientations_iPad = "UIInterfaceOrientationPortrait UIInterfaceOrientationPortraitUpsideDown UIInterfaceOrientationLandscapeLeft UIInterfaceOrientationLandscapeRight";
				INFOPLIST_KEY_UISupportedInterfaceOrientations_iPhone = "UIInterfaceOrientationPortrait UIInterfaceOrientationLandscapeLeft UIInterfaceOrientationLandscapeRight";
				IPHONEOS_DEPLOYMENT_TARGET = 16.0;
				LD_RUNPATH_SEARCH_PATHS = (
					"$(inherited)",
					"@executable_path/Frameworks",
				);
				LIBRARY_SEARCH_PATHS = (
					"$(inherited)",
					"$(PROJECT_DIR)/typst/target/universal/$(CONFIGURATION:lower)",
					"$(PROJECT_DIR)/typst/target/universal/debug",
					"$(PROJECT_DIR)/typst/target/universal/release",
				);
				MARKETING_VERSION = 0.1.1;
				PRODUCT_BUNDLE_IDENTIFIER = dev.tiankaima.TypstApp;
				PRODUCT_NAME = "$(TARGET_NAME)";
				PROVISIONING_PROFILE_SPECIFIER = "";
				"PROVISIONING_PROFILE_SPECIFIER[sdk=iphoneos*]" = "match Development dev.tiankaima.TypstApp";
				SUPPORTED_PLATFORMS = "iphoneos iphonesimulator";
				SUPPORTS_MACCATALYST = NO;
				SUPPORTS_MAC_DESIGNED_FOR_IPHONE_IPAD = NO;
				SWIFT_EMIT_LOC_STRINGS = YES;
				SWIFT_OBJC_BRIDGING_HEADER = "$(PROJECT_DIR)/TypstApp/Bridge/Header.h";
				SWIFT_VERSION = 5.0;
				TARGETED_DEVICE_FAMILY = 2;
			};
			name = Release;
		};
/* End XCBuildConfiguration section */

/* Begin XCConfigurationList section */
		56C403112A73CBEB00BB8743 /* Build configuration list for PBXProject "TypstApp" */ = {
			isa = XCConfigurationList;
			buildConfigurations = (
				56C403222A73CBEC00BB8743 /* Debug */,
				56C403232A73CBEC00BB8743 /* Release */,
			);
			defaultConfigurationIsVisible = 0;
			defaultConfigurationName = Release;
		};
		56C403242A73CBEC00BB8743 /* Build configuration list for PBXNativeTarget "TypstApp" */ = {
			isa = XCConfigurationList;
			buildConfigurations = (
				56C403252A73CBEC00BB8743 /* Debug */,
				56C403262A73CBEC00BB8743 /* Release */,
			);
			defaultConfigurationIsVisible = 0;
			defaultConfigurationName = Release;
		};
/* End XCConfigurationList section */

/* Begin XCRemoteSwiftPackageReference section */
		56F5E8372AFF51600051C039 /* XCRemoteSwiftPackageReference "Runestone" */ = {
			isa = XCRemoteSwiftPackageReference;
			repositoryURL = "https://github.com/simonbs/Runestone";
			requirement = {
				kind = upToNextMajorVersion;
				minimumVersion = 0.3.2;
			};
		};
/* End XCRemoteSwiftPackageReference section */

/* Begin XCSwiftPackageProductDependency section */
		56F5E8382AFF51600051C039 /* Runestone */ = {
			isa = XCSwiftPackageProductDependency;
			package = 56F5E8372AFF51600051C039 /* XCRemoteSwiftPackageReference "Runestone" */;
			productName = Runestone;
		};
/* End XCSwiftPackageProductDependency section */
	};
	rootObject = 56C4030E2A73CBEB00BB8743 /* Project object */;
}
